
Microsoft Visual Studio Solution File, Format Version 12.00
# Visual Studio 14
VisualStudioVersion = 14.0.25123.0
MinimumVisualStudioVersion = 10.0.40219.1
Project("{F2A71F9B-5D33-465A-A702-920D77279786}") = "Zad2", "Zad2\Zad2.fsproj", "{480B038D-6598-4A0E-9BF9-BDEC2DD5A86E}"
EndProject
Project("{F2A71F9B-5D33-465A-A702-920D77279786}") = "Zad5", "Zad5\Zad5.fsproj", "{6A33E154-D239-4C32-832D-24A368D01626}"
EndProject
Project("{F2A71F9B-5D33-465A-A702-920D77279786}") = "Zad6", "Zad6\Zad6.fsproj", "{E0C07A4B-951F-476B-A79C-97E4DDB33B60}"
EndProject
Project("{F2A71F9B-5D33-465A-A702-920D77279786}") = "OmlSuperJezyka", "OmlSuperJezyka\OmlSuperJezyka.fsproj", "{E6F65371-7E27-4A31-91C4-23C250FFAEEA}"
EndProject
Project("{F2A71F9B-5D33-465A-A702-920D77279786}") = "Zad14", "Zad14\Zad14.fsproj", "{D27A4A39-D34A-4F8C-886F-9B716A670FB0}"
EndProject
Project("{F2A71F9B-5D33-465A-A702-920D77279786}") = "Zad9", "Zad9\Zad9.fsproj", "{AF3AECFC-7BC7-4F99-A3F7-C0C116512AED}"
EndProject
Project("{F2A71F9B-5D33-465A-A702-920D77279786}") = "Zad4", "Zad4\Zad4.fsproj", "{CCCDC003-E94A-44D6-8C5D-58596AD0DDDA}"
EndProject
Project("{F2A71F9B-5D33-465A-A702-920D77279786}") = "Zad3", "Zad3\Zad3.fsproj", "{C5F92180-C0B2-4F96-9EC2-BCCE2AC4D7A3}"
EndProject
Project("{F2A71F9B-5D33-465A-A702-920D77279786}") = "Zad7", "Zad7\Zad7.fsproj", "{6C14D13C-68BD-49E5-98C8-3C220FCA554C}"
EndProject
Project("{F2A71F9B-5D33-465A-A702-920D77279786}") = "Zad8", "Zad8\Zad8.fsproj", "{BFF1ACCF-6618-45D3-96D0-09F9351ADFBA}"
EndProject
Project("{F2A71F9B-5D33-465A-A702-920D77279786}") = "Zad13", "Zad13\Zad13.fsproj", "{53FFD99C-56DE-43C4-BDBD-2EDA009333CB}"
EndProject
Global
	GlobalSection(SolutionConfigurationPlatforms) = preSolution
		Debug|Any CPU = Debug|Any CPU
		Release|Any CPU = Release|Any CPU
	EndGlobalSection
	GlobalSection(ProjectConfigurationPlatforms) = postSolution
		{480B038D-6598-4A0E-9BF9-BDEC2DD5A86E}.Debug|Any CPU.ActiveCfg = Debug|Any CPU
		{480B038D-6598-4A0E-9BF9-BDEC2DD5A86E}.Debug|Any CPU.Build.0 = Debug|Any CPU
		{480B038D-6598-4A0E-9BF9-BDEC2DD5A86E}.Release|Any CPU.ActiveCfg = Release|Any CPU
		{480B038D-6598-4A0E-9BF9-BDEC2DD5A86E}.Release|Any CPU.Build.0 = Release|Any CPU
		{6A33E154-D239-4C32-832D-24A368D01626}.Debug|Any CPU.ActiveCfg = Debug|Any CPU
		{6A33E154-D239-4C32-832D-24A368D01626}.Debug|Any CPU.Build.0 = Debug|Any CPU
		{6A33E154-D239-4C32-832D-24A368D01626}.Release|Any CPU.ActiveCfg = Release|Any CPU
		{6A33E154-D239-4C32-832D-24A368D01626}.Release|Any CPU.Build.0 = Release|Any CPU
		{E0C07A4B-951F-476B-A79C-97E4DDB33B60}.Debug|Any CPU.ActiveCfg = Debug|Any CPU
		{E0C07A4B-951F-476B-A79C-97E4DDB33B60}.Debug|Any CPU.Build.0 = Debug|Any CPU
		{E0C07A4B-951F-476B-A79C-97E4DDB33B60}.Release|Any CPU.ActiveCfg = Release|Any CPU
		{E0C07A4B-951F-476B-A79C-97E4DDB33B60}.Release|Any CPU.Build.0 = Release|Any CPU
		{E6F65371-7E27-4A31-91C4-23C250FFAEEA}.Debug|Any CPU.ActiveCfg = Debug|Any CPU
		{E6F65371-7E27-4A31-91C4-23C250FFAEEA}.Debug|Any CPU.Build.0 = Debug|Any CPU
		{E6F65371-7E27-4A31-91C4-23C250FFAEEA}.Release|Any CPU.ActiveCfg = Release|Any CPU
		{E6F65371-7E27-4A31-91C4-23C250FFAEEA}.Release|Any CPU.Build.0 = Release|Any CPU
		{D27A4A39-D34A-4F8C-886F-9B716A670FB0}.Debug|Any CPU.ActiveCfg = Debug|Any CPU
		{D27A4A39-D34A-4F8C-886F-9B716A670FB0}.Debug|Any CPU.Build.0 = Debug|Any CPU
		{D27A4A39-D34A-4F8C-886F-9B716A670FB0}.Release|Any CPU.ActiveCfg = Release|Any CPU
		{D27A4A39-D34A-4F8C-886F-9B716A670FB0}.Release|Any CPU.Build.0 = Release|Any CPU
		{AF3AECFC-7BC7-4F99-A3F7-C0C116512AED}.Debug|Any CPU.ActiveCfg = Debug|Any CPU
		{AF3AECFC-7BC7-4F99-A3F7-C0C116512AED}.Debug|Any CPU.Build.0 = Debug|Any CPU
		{AF3AECFC-7BC7-4F99-A3F7-C0C116512AED}.Release|Any CPU.ActiveCfg = Release|Any CPU
		{AF3AECFC-7BC7-4F99-A3F7-C0C116512AED}.Release|Any CPU.Build.0 = Release|Any CPU
		{CCCDC003-E94A-44D6-8C5D-58596AD0DDDA}.Debug|Any CPU.ActiveCfg = Debug|Any CPU
		{CCCDC003-E94A-44D6-8C5D-58596AD0DDDA}.Debug|Any CPU.Build.0 = Debug|Any CPU
		{CCCDC003-E94A-44D6-8C5D-58596AD0DDDA}.Release|Any CPU.ActiveCfg = Release|Any CPU
		{CCCDC003-E94A-44D6-8C5D-58596AD0DDDA}.Release|Any CPU.Build.0 = Release|Any CPU
		{C5F92180-C0B2-4F96-9EC2-BCCE2AC4D7A3}.Debug|Any CPU.ActiveCfg = Debug|Any CPU
		{C5F92180-C0B2-4F96-9EC2-BCCE2AC4D7A3}.Debug|Any CPU.Build.0 = Debug|Any CPU
		{C5F92180-C0B2-4F96-9EC2-BCCE2AC4D7A3}.Release|Any CPU.ActiveCfg = Release|Any CPU
		{C5F92180-C0B2-4F96-9EC2-BCCE2AC4D7A3}.Release|Any CPU.Build.0 = Release|Any CPU
		{6C14D13C-68BD-49E5-98C8-3C220FCA554C}.Debug|Any CPU.ActiveCfg = Debug|Any CPU
		{6C14D13C-68BD-49E5-98C8-3C220FCA554C}.Debug|Any CPU.Build.0 = Debug|Any CPU
		{6C14D13C-68BD-49E5-98C8-3C220FCA554C}.Release|Any CPU.ActiveCfg = Release|Any CPU
		{6C14D13C-68BD-49E5-98C8-3C220FCA554C}.Release|Any CPU.Build.0 = Release|Any CPU
		{BFF1ACCF-6618-45D3-96D0-09F9351ADFBA}.Debug|Any CPU.ActiveCfg = Debug|Any CPU
		{BFF1ACCF-6618-45D3-96D0-09F9351ADFBA}.Debug|Any CPU.Build.0 = Debug|Any CPU
		{BFF1ACCF-6618-45D3-96D0-09F9351ADFBA}.Release|Any CPU.ActiveCfg = Release|Any CPU
		{BFF1ACCF-6618-45D3-96D0-09F9351ADFBA}.Release|Any CPU.Build.0 = Release|Any CPU
		{53FFD99C-56DE-43C4-BDBD-2EDA009333CB}.Debug|Any CPU.ActiveCfg = Debug|Any CPU
		{53FFD99C-56DE-43C4-BDBD-2EDA009333CB}.Debug|Any CPU.Build.0 = Debug|Any CPU
		{53FFD99C-56DE-43C4-BDBD-2EDA009333CB}.Release|Any CPU.ActiveCfg = Release|Any CPU
		{53FFD99C-56DE-43C4-BDBD-2EDA009333CB}.Release|Any CPU.Build.0 = Release|Any CPU
	EndGlobalSection
	GlobalSection(SolutionProperties) = preSolution
		HideSolutionNode = FALSE
	EndGlobalSection
EndGlobal
